Microsoft Visual Studio Solution File, Format Version 12.00
# Visual Studio Version 17
VisualStudioVersion = 17.0.31912.275
MinimumVisualStudioVersion = 10.0.40219.1
Project("{FAE04EC0-301F-11D3-BF4B-00C04F79EFBC}") = "ArturRios.Validation", "ArturRios.Validation.csproj", "{0BE8B3D7-C2C0-4839-B081-9B86B7C7053A}"
EndProject
Project("{FAE04EC0-301F-11D3-BF4B-00C04F79EFBC}") = "ArturRios.Validation.Tests", "..\tests\ArturRios.Validation.Tests.csproj", "{67ED9A63-408C-4568-A7F6-8B142288E3B0}"
EndProject
Global
	GlobalSection(SolutionConfigurationPlatforms) = preSolution
		Debug|Any CPU = Debug|Any CPU
		Release|Any CPU = Release|Any CPU
	EndGlobalSection
	GlobalSection(ProjectConfigurationPlatforms) = postSolution
		{0BE8B3D7-C2C0-4839-B081-9B86B7C7053A}.Debug|Any CPU.ActiveCfg = Debug|Any CPU
		{0BE8B3D7-C2C0-4839-B081-9B86B7C7053A}.Debug|Any CPU.Build.0 = Debug|Any CPU
		{0BE8B3D7-C2C0-4839-B081-9B86B7C7053A}.Release|Any CPU.ActiveCfg = Release|Any CPU
		{0BE8B3D7-C2C0-4839-B081-9B86B7C7053A}.Release|Any CPU.Build.0 = Release|Any CPU
		{67ED9A63-408C-4568-A7F6-8B142288E3B0}.Debug|Any CPU.ActiveCfg = Debug|Any CPU
		{67ED9A63-408C-4568-A7F6-8B142288E3B0}.Debug|Any CPU.Build.0 = Debug|Any CPU
		{67ED9A63-408C-4568-A7F6-8B142288E3B0}.Release|Any CPU.ActiveCfg = Release|Any CPU
		{67ED9A63-408C-4568-A7F6-8B142288E3B0}.Release|Any CPU.Build.0 = Release|Any CPU
	EndGlobalSection
	GlobalSection(SolutionProperties) = preSolution
		HideSolutionNode = FALSE
	EndGlobalSection
EndGlobal

